{
  "version": 4,
  "terraform_version": "1.6.1",
  "serial": 20,
  "lineage": "4e0a11c9-3320-3101-12ad-e6111d06b25f",
  "outputs": {},
  "resources": [
    {
      "mode": "managed",
      "type": "github_repository",
      "name": "terraform-first-repo",
      "provider": "provider[\"registry.terraform.io/hashicorp/github\"]",
      "instances": [
        {
          "schema_version": 1,
          "attributes": {
            "allow_auto_merge": false,
            "allow_merge_commit": false,
            "allow_rebase_merge": false,
            "allow_squash_merge": false,
            "allow_update_branch": false,
            "archive_on_destroy": null,
            "archived": false,
            "auto_init": true,
            "default_branch": "main",
            "delete_branch_on_merge": false,
            "description": "This is a sample repo while getting hands on terraform",
            "etag": "W/\"3b37ab6413b65e92a8a2b37ea9bf23e29c6ad3191f3c1e9f4831e6ddee9e3dab\"",
            "full_name": "HarnilShah1602/first-repo-from-terraform",
            "git_clone_url": "git://github.com/HarnilShah1602/first-repo-from-terraform.git",
            "gitignore_template": null,
            "has_discussions": false,
            "has_downloads": false,
            "has_issues": false,
            "has_projects": false,
            "has_wiki": false,
            "homepage_url": "",
            "html_url": "https://github.com/HarnilShah1602/first-repo-from-terraform",
            "http_clone_url": "https://github.com/HarnilShah1602/first-repo-from-terraform.git",
            "id": "first-repo-from-terraform",
            "ignore_vulnerability_alerts_during_read": null,
            "is_template": false,
            "license_template": null,
            "merge_commit_message": "",
            "merge_commit_title": "",
            "name": "first-repo-from-terraform",
            "node_id": "R_kgDOKi21uA",
            "pages": [],
            "primary_language": "",
            "private": false,
            "repo_id": 707638712,
            "security_and_analysis": [
              {
                "advanced_security": [],
                "secret_scanning": [
                  {
                    "status": "disabled"
                  }
                ],
                "secret_scanning_push_protection": [
                  {
                    "status": "disabled"
                  }
                ]
              }
            ],
            "squash_merge_commit_message": "",
            "squash_merge_commit_title": "",
            "ssh_clone_url": "git@github.com:HarnilShah1602/first-repo-from-terraform.git",
            "svn_url": "https://github.com/HarnilShah1602/first-repo-from-terraform",
            "template": [],
            "topics": [],
            "visibility": "public",
            "vulnerability_alerts": false
          },
          "sensitive_attributes": [],
          "private": "eyJzY2hlbWFfdmVyc2lvbiI6IjEifQ=="
        }
      ]
    },
    {
      "mode": "managed",
      "type": "github_repository",
      "name": "terraform-second-repo",
      "provider": "provider[\"registry.terraform.io/hashicorp/github\"]",
      "instances": [
        {
          "schema_version": 1,
          "attributes": {
            "allow_auto_merge": false,
            "allow_merge_commit": false,
            "allow_rebase_merge": false,
            "allow_squash_merge": false,
            "allow_update_branch": false,
            "archive_on_destroy": null,
            "archived": false,
            "auto_init": true,
            "default_branch": "main",
            "delete_branch_on_merge": false,
            "description": "This is a sample repo while getting hands on terraform",
            "etag": "W/\"2878f888240a215c76e8a676ed6d2182efdea939cbcb555d3bdb559614893e94\"",
            "full_name": "HarnilShah1602/second-repo-from-terraform",
            "git_clone_url": "git://github.com/HarnilShah1602/second-repo-from-terraform.git",
            "gitignore_template": null,
            "has_discussions": false,
            "has_downloads": false,
            "has_issues": false,
            "has_projects": false,
            "has_wiki": false,
            "homepage_url": "",
            "html_url": "https://github.com/HarnilShah1602/second-repo-from-terraform",
            "http_clone_url": "https://github.com/HarnilShah1602/second-repo-from-terraform.git",
            "id": "second-repo-from-terraform",
            "ignore_vulnerability_alerts_during_read": null,
            "is_template": false,
            "license_template": null,
            "merge_commit_message": "",
            "merge_commit_title": "",
            "name": "second-repo-from-terraform",
            "node_id": "R_kgDOKi21wQ",
            "pages": [],
            "primary_language": "",
            "private": false,
            "repo_id": 707638721,
            "security_and_analysis": [
              {
                "advanced_security": [],
                "secret_scanning": [
                  {
                    "status": "disabled"
                  }
                ],
                "secret_scanning_push_protection": [
                  {
                    "status": "disabled"
                  }
                ]
              }
            ],
            "squash_merge_commit_message": "",
            "squash_merge_commit_title": "",
            "ssh_clone_url": "git@github.com:HarnilShah1602/second-repo-from-terraform.git",
            "svn_url": "https://github.com/HarnilShah1602/second-repo-from-terraform",
            "template": [],
            "topics": [],
            "visibility": "public",
            "vulnerability_alerts": false
          },
          "sensitive_attributes": [],
          "private": "eyJzY2hlbWFfdmVyc2lvbiI6IjEifQ=="
        }
      ]
    }
  ],
  "check_results": null
}
